DEPENDENCIES
  elasticsearch (~> 2.1.0)
  git (= 4.2.4)
  iptables (~> 2.0.1)
  timezone-ii
    git: https://github.com/L2G/timezone-ii.git
    revision: 28c9e49c58c534e798cf01a77a9373c4c54f4587
  vim (~> 2.0.0)

GRAPH
  7-zip (1.0.2)
    windows (>= 1.2.2)
  apt (2.9.2)
  ark (0.9.0)
    7-zip (>= 0.0.0)
    windows (>= 0.0.0)
  build-essential (2.2.4)
  chef-sugar (3.1.1)
  chef_handler (1.2.0)
  compat_resource (12.5.16)
  dmg (2.3.0)
  elasticsearch (2.1.0)
    apt (>= 0.0.0)
    ark (>= 0.0.0)
    chef-sugar (>= 0.0.0)
    yum (>= 0.0.0)
  git (4.2.4)
    build-essential (>= 0.0.0)
    dmg (>= 0.0.0)
    windows (>= 0.0.0)
    yum-epel (>= 0.0.0)
  iptables (2.0.1)
    compat_resource (>= 0.0.0)
  timezone-ii (0.2.9992)
  vim (2.0.0)
  windows (1.38.4)
    chef_handler (>= 0.0.0)
  yum (3.8.2)
  yum-epel (0.6.5)
    yum (~> 3.2)
